{
  "name": "debug-popup-log",
  "version": "1.0.0",
  "lockfileVersion": 1,
  "requires": true,
  "dependencies": {
    "to-style": {
      "version": "1.3.3",
      "resolved": "https://registry.npmjs.org/to-style/-/to-style-1.3.3.tgz",
      "integrity": "sha1-Y6K3Cm9KfU/cLtV6C+TnI1y2aZw="
    }
  }
}
